
Microsoft Visual Studio Solution File, Format Version 12.00
# Visual Studio 15
VisualStudioVersion = 15.0.28307.168
MinimumVisualStudioVersion = 10.0.40219.1
Project("{FAE04EC0-301F-11D3-BF4B-00C04F79EFBC}") = "OpenComplexMultiAgentSimulator", "OpenComplexMultiAgentSimulator\OpenComplexMultiAgentSimulator.csproj", "{24ECDFD0-27DA-41CD-A7CC-DD1F0A27A223}"
EndProject
Global
	GlobalSection(SolutionConfigurationPlatforms) = preSolution
		Debug|Any CPU = Debug|Any CPU
		Release|Any CPU = Release|Any CPU
	EndGlobalSection
	GlobalSection(ProjectConfigurationPlatforms) = postSolution
		{24ECDFD0-27DA-41CD-A7CC-DD1F0A27A223}.Debug|Any CPU.ActiveCfg = Debug|Any CPU
		{24ECDFD0-27DA-41CD-A7CC-DD1F0A27A223}.Debug|Any CPU.Build.0 = Debug|Any CPU
		{24ECDFD0-27DA-41CD-A7CC-DD1F0A27A223}.Release|Any CPU.ActiveCfg = Release|Any CPU
		{24ECDFD0-27DA-41CD-A7CC-DD1F0A27A223}.Release|Any CPU.Build.0 = Release|Any CPU
	EndGlobalSection
	GlobalSection(SolutionProperties) = preSolution
		HideSolutionNode = FALSE
	EndGlobalSection
	GlobalSection(ExtensibilityGlobals) = postSolution
		SolutionGuid = {1213488C-051A-4950-8CE5-8F6C8B469416}
	EndGlobalSection
EndGlobal
